{
  "name": "the-better-way-to-learn-biochem",
  "version": "0.1.0",
  "lockfileVersion": 1,
  "requires": true,
  "dependencies": {
    "@cloudbase/js-sdk": {
      "version": "1.8.0"
    },
    "@vitejs/plugin-vue": {
      "version": "5.0.4",
      "dev": true
    },
    "axios": {
      "version": "1.6.8"
    },
    "echarts": {
      "version": "5.5.0"
    },
    "element-plus": {
      "version": "2.7.2"
    },
    "pinia": {
      "version": "2.1.7"
    },
    "vite": {
      "version": "5.2.0",
      "dev": true
    },
    "vue": {
      "version": "3.4.21"
    },
    "vue-router": {
      "version": "4.3.0"
    }
  }
}
